// !$*UTF8*$!
{
	archiveVersion = 1;
	classes = {
	};
	objectVersion = 48;
	objects = {

/* Begin PBXBuildFile section */
		A8CE94212128246D00C00FBB /* AppDelegate.swift in Sources */ = {isa = PBXBuildFile; fileRef = A8CE94202128246D00C00FBB /* AppDelegate.swift */; };
		A8CE94232128246D00C00FBB /* ViewController.swift in Sources */ = {isa = PBXBuildFile; fileRef = A8CE94222128246D00C00FBB /* ViewController.swift */; };
		A8CE94262128246D00C00FBB /* Main.storyboard in Resources */ = {isa = PBXBuildFile; fileRef = A8CE94242128246D00C00FBB /* Main.storyboard */; };
		A8CE94282128246D00C00FBB /* Assets.xcassets in Resources */ = {isa = PBXBuildFile; fileRef = A8CE94272128246D00C00FBB /* Assets.xcassets */; };
		A8CE942B2128246D00C00FBB /* LaunchScreen.storyboard in Resources */ = {isa = PBXBuildFile; fileRef = A8CE94292128246D00C00FBB /* LaunchScreen.storyboard */; };
/* End PBXBuildFile section */

/* Begin PBXFileReference section */
		A8CE941D2128246D00C00FBB /* DesignNews.app */ = {isa = PBXFileReference; explicitFileType = wrapper.application; includeInIndex = 0; path = DesignNews.app; sourceTree = BUILT_PRODUCTS_DIR; };
		A8CE94202128246D00C00FBB /* AppDelegate.swift */ = {isa = PBXFileReference; lastKnownFileType = sourcecode.swift; path = AppDelegate.swift; sourceTree = "<group>"; };
		A8CE94222128246D00C00FBB /* ViewController.swift */ = {isa = PBXFileReference; lastKnownFileType = sourcecode.swift; path = ViewController.swift; sourceTree = "<group>"; };
		A8CE94252128246D00C00FBB /* Base */ = {isa = PBXFileReference; lastKnownFileType = file.storyboard; name = Base; path = Base.lproj/Main.storyboard; sourceTree = "<group>"; };
		A8CE94272128246D00C00FBB /* Assets.xcassets */ = {isa = PBXFileReference; lastKnownFileType = folder.assetcatalog; path = Assets.xcassets; sourceTree = "<group>"; };
		A8CE942A2128246D00C00FBB /* Base */ = {isa = PBXFileReference; lastKnownFileType = file.storyboard; name = Base; path = Base.lproj/LaunchScreen.storyboard; sourceTree = "<group>"; };
		A8CE942C2128246D00C00FBB /* Info.plist */ = {isa = PBXFileReference; lastKnownFileType = text.plist.xml; path = Info.plist; sourceTree = "<group>"; };
/* End PBXFileReference section */

/* Begin PBXFrameworksBuildPhase section */
		A8CE941A2128246D00C00FBB /* Frameworks */ = {
			isa = PBXFrameworksBuildPhase;
			buildActionMask = 2147483647;
			files = (
			);
			runOnlyForDeploymentPostprocessing = 0;
		};
/* End PBXFrameworksBuildPhase section */

/* Begin PBXGroup section */
		A8CE94142128246D00C00FBB = {
			isa = PBXGroup;
			children = (
				A8CE941F2128246D00C00FBB /* DesignNews */,
				A8CE941E2128246D00C00FBB /* Products */,
			);
			sourceTree = "<group>";
		};
		A8CE941E2128246D00C00FBB /* Products */ = {
			isa = PBXGroup;
			children = (
				A8CE941D2128246D00C00FBB /* DesignNews.app */,
			);
			name = Products;
			sourceTree = "<group>";
		};
		A8CE941F2128246D00C00FBB /* DesignNews */ = {
			isa = PBXGroup;
			children = (
				A8CE94202128246D00C00FBB /* AppDelegate.swift */,
				A8CE94222128246D00C00FBB /* ViewController.swift */,
				A8CE94242128246D00C00FBB /* Main.storyboard */,
				A8CE94272128246D00C00FBB /* Assets.xcassets */,
				A8CE94292128246D00C00FBB /* LaunchScreen.storyboard */,
				A8CE942C2128246D00C00FBB /* Info.plist */,
			);
			path = DesignNews;
			sourceTree = "<group>";
		};
/* End PBXGroup section */

/* Begin PBXNativeTarget section */
		A8CE941C2128246D00C00FBB /* DesignNews */ = {
			isa = PBXNativeTarget;
			buildConfigurationList = A8CE942F2128246D00C00FBB /* Build configuration list for PBXNativeTarget "DesignNews" */;
			buildPhases = (
				A8CE94192128246D00C00FBB /* Sources */,
				A8CE941A2128246D00C00FBB /* Frameworks */,
				A8CE941B2128246D00C00FBB /* Resources */,
			);
			buildRules = (
			);
			dependencies = (
			);
			name = DesignNews;
			productName = DesignNews;
			productReference = A8CE941D2128246D00C00FBB /* DesignNews.app */;
			productType = "com.apple.product-type.application";
		};
/* End PBXNativeTarget section */

/* Begin PBXProject section */
		A8CE94152128246D00C00FBB /* Project object */ = {
			isa = PBXProject;
			attributes = {
				LastSwiftUpdateCheck = 0920;
				LastUpgradeCheck = 0920;
				ORGANIZATIONNAME = ttmtg;
				TargetAttributes = {
					A8CE941C2128246D00C00FBB = {
						CreatedOnToolsVersion = 9.2;
						ProvisioningStyle = Automatic;
					};
				};
			};
			buildConfigurationList = A8CE94182128246D00C00FBB /* Build configuration list for PBXProject "DesignNews" */;
			compatibilityVersion = "Xcode 8.0";
			developmentRegion = en;
			hasScannedForEncodings = 0;
			knownRegions = (
				en,
				Base,
			);
			mainGroup = A8CE94142128246D00C00FBB;
			productRefGroup = A8CE941E2128246D00C00FBB /* Products */;
			projectDirPath = "";
			projectRoot = "";
			targets = (
				A8CE941C2128246D00C00FBB /* DesignNews */,
			);
		};
/* End PBXProject section */

/* Begin PBXResourcesBuildPhase section */
		A8CE941B2128246D00C00FBB /* Resources */ = {
			isa = PBXResourcesBuildPhase;
			buildActionMask = 2147483647;
			files = (
				A8CE942B2128246D00C00FBB /* LaunchScreen.storyboard in Resources */,
				A8CE94282128246D00C00FBB /* Assets.xcassets in Resources */,
				A8CE94262128246D00C00FBB /* Main.storyboard in Resources */,
			);
			runOnlyForDeploymentPostprocessing = 0;
		};
/* End PBXResourcesBuildPhase section */

/* Begin PBXSourcesBuildPhase section */
		A8CE94192128246D00C00FBB /* Sources */ = {
			isa = PBXSourcesBuildPhase;
			buildActionMask = 2147483647;
			files = (
				A8CE94232128246D00C00FBB /* ViewController.swift in Sources */,
				A8CE94212128246D00C00FBB /* AppDelegate.swift in Sources */,
			);
			runOnlyForDeploymentPostprocessing = 0;
		};
/* End PBXSourcesBuildPhase section */

/* Begin PBXVariantGroup section */
		A8CE94242128246D00C00FBB /* Main.storyboard */ = {
			isa = PBXVariantGroup;
			children = (
				A8CE94252128246D00C00FBB /* Base */,
			);
			name = Main.storyboard;
			sourceTree = "<group>";
		};
		A8CE94292128246D00C00FBB /* LaunchScreen.storyboard */ = {
			isa = PBXVariantGroup;
			children = (
				A8CE942A2128246D00C00FBB /* Base */,
			);
			name = LaunchScreen.storyboard;
			sourceTree = "<group>";
		};
/* End PBXVariantGroup section */

/* Begin XCBuildConfiguration section */
		A8CE942D2128246D00C00FBB /* Debug */ = {
			isa = XCBuildConfiguration;
			buildSettings = {
				ALWAYS_SEARCH_USER_PATHS = NO;
				CLANG_ANALYZER_NONNULL = YES;
				CLANG_ANALYZER_NUMBER_OBJECT_CONVERSION = YES_AGGRESSIVE;
				CLANG_CXX_LANGUAGE_STANDARD = "gnu++14";
				CLANG_CXX_LIBRARY = "libc++";
				CLANG_ENABLE_MODULES = YES;
				CLANG_ENABLE_OBJC_ARC = YES;
				CLANG_WARN_BLOCK_CAPTURE_AUTORELEASING = YES;
				CLANG_WARN_BOOL_CONVERSION = YES;
				CLANG_WARN_COMMA = YES;
				CLANG_WARN_CONSTANT_CONVERSION = YES;
				CLANG_WARN_DIRECT_OBJC_ISA_USAGE = YES_ERROR;
				CLANG_WARN_DOCUMENTATION_COMMENTS = YES;
				CLANG_WARN_EMPTY_BODY = YES;
				CLANG_WARN_ENUM_CONVERSION = YES;
				CLANG_WARN_INFINITE_RECURSION = YES;
				CLANG_WARN_INT_CONVERSION = YES;
				CLANG_WARN_NON_LITERAL_NULL_CONVERSION = YES;
				CLANG_WARN_OBJC_LITERAL_CONVERSION = YES;
				CLANG_WARN_OBJC_ROOT_CLASS = YES_ERROR;
				CLANG_WARN_RANGE_LOOP_ANALYSIS = YES;
				CLANG_WARN_STRICT_PROTOTYPES = YES;
				CLANG_WARN_SUSPICIOUS_MOVE = YES;
				CLANG_WARN_UNGUARDED_AVAILABILITY = YES_AGGRESSIVE;
				CLANG_WARN_UNREACHABLE_CODE = YES;
				CLANG_WARN__DUPLICATE_METHOD_MATCH = YES;
				CODE_SIGN_IDENTITY = "iPhone Developer";
				COPY_PHASE_STRIP = NO;
				DEBUG_INFORMATION_FORMAT = dwarf;
				ENABLE_STRICT_OBJC_MSGSEND = YES;
				ENABLE_TESTABILITY = YES;
				GCC_C_LANGUAGE_STANDARD = gnu11;
				GCC_DYNAMIC_NO_PIC = NO;
				GCC_NO_COMMON_BLOCKS = YES;
				GCC_OPTIMIZATION_LEVEL = 0;
				GCC_PREPROCESSOR_DEFINITIONS = (
					"DEBUG=1",
					"$(inherited)",
				);
				GCC_WARN_64_TO_32_BIT_CONVERSION = YES;
				GCC_WARN_ABOUT_RETURN_TYPE = YES_ERROR;
				GCC_WARN_UNDECLARED_SELECTOR = YES;
				GCC_WARN_UNINITIALIZED_AUTOS = YES_AGGRESSIVE;
				GCC_WARN_UNUSED_FUNCTION = YES;
				GCC_WARN_UNUSED_VARIABLE = YES;
				IPHONEOS_DEPLOYMENT_TARGET = 11.2;
				MTL_ENABLE_DEBUG_INFO = YES;
				ONLY_ACTIVE_ARCH = YES;
				SDKROOT = iphoneos;
				SWIFT_ACTIVE_COMPILATION_CONDITIONS = DEBUG;
				SWIFT_OPTIMIZATION_LEVEL = "-Onone";
			};
			name = Debug;
		};
		A8CE942E2128246D00C00FBB /* Release */ = {
			isa = XCBuildConfiguration;
			buildSettings = {
				ALWAYS_SEARCH_USER_PATHS = NO;
				CLANG_ANALYZER_NONNULL = YES;
				CLANG_ANALYZER_NUMBER_OBJECT_CONVERSION = YES_AGGRESSIVE;
				CLANG_CXX_LANGUAGE_STANDARD = "gnu++14";
				CLANG_CXX_LIBRARY = "libc++";
				CLANG_ENABLE_MODULES = YES;
				CLANG_ENABLE_OBJC_ARC = YES;
				CLANG_WARN_BLOCK_CAPTURE_AUTORELEASING = YES;
				CLANG_WARN_BOOL_CONVERSION = YES;
				CLANG_WARN_COMMA = YES;
				CLANG_WARN_CONSTANT_CONVERSION = YES;
				CLANG_WARN_DIRECT_OBJC_ISA_USAGE = YES_ERROR;
				CLANG_WARN_DOCUMENTATION_COMMENTS = YES;
				CLANG_WARN_EMPTY_BODY = YES;
				CLANG_WARN_ENUM_CONVERSION = YES;
				CLANG_WARN_INFINITE_RECURSION = YES;
				CLANG_WARN_INT_CONVERSION = YES;
				CLANG_WARN_NON_LITERAL_NULL_CONVERSION = YES;
				CLANG_WARN_OBJC_LITERAL_CONVERSION = YES;
				CLANG_WARN_OBJC_ROOT_CLASS = YES_ERROR;
				CLANG_WARN_RANGE_LOOP_ANALYSIS = YES;
				CLANG_WARN_STRICT_PROTOTYPES = YES;
				CLANG_WARN_SUSPICIOUS_MOVE = YES;
				CLANG_WARN_UNGUARDED_AVAILABILITY = YES_AGGRESSIVE;
				CLANG_WARN_UNREACHABLE_CODE = YES;
				CLANG_WARN__DUPLICATE_METHOD_MATCH = YES;
				CODE_SIGN_IDENTITY = "iPhone Developer";
				COPY_PHASE_STRIP = NO;
				DEBUG_INFORMATION_FORMAT = "dwarf-with-dsym";
				ENABLE_NS_ASSERTIONS = NO;
				ENABLE_STRICT_OBJC_MSGSEND = YES;
				GCC_C_LANGUAGE_STANDARD = gnu11;
				GCC_NO_COMMON_BLOCKS = YES;
				GCC_WARN_64_TO_32_BIT_CONVERSION = YES;
				GCC_WARN_ABOUT_RETURN_TYPE = YES_ERROR;
				GCC_WARN_UNDECLARED_SELECTOR = YES;
				GCC_WARN_UNINITIALIZED_AUTOS = YES_AGGRESSIVE;
				GCC_WARN_UNUSED_FUNCTION = YES;
				GCC_WARN_UNUSED_VARIABLE = YES;
				IPHONEOS_DEPLOYMENT_TARGET = 11.2;
				MTL_ENABLE_DEBUG_INFO = NO;
				SDKROOT = iphoneos;
				SWIFT_OPTIMIZATION_LEVEL = "-Owholemodule";
				VALIDATE_PRODUCT = YES;
			};
			name = Release;
		};
		A8CE94302128246D00C00FBB /* Debug */ = {
			isa = XCBuildConfiguration;
			buildSettings = {
				ASSETCATALOG_COMPILER_APPICON_NAME = AppIcon;
				CODE_SIGN_STYLE = Automatic;
				DEVELOPMENT_TEAM = H22JVQMV3F;
				INFOPLIST_FILE = DesignNews/Info.plist;
				LD_RUNPATH_SEARCH_PATHS = "$(inherited) @executable_path/Frameworks";
				PRODUCT_BUNDLE_IDENTIFIER = "com.ttmtg.animalcry-ios-proj.DesignNews";
				PRODUCT_NAME = "$(TARGET_NAME)";
				SWIFT_VERSION = 4.0;
				TARGETED_DEVICE_FAMILY = "1,2";
			};
			name = Debug;
		};
		A8CE94312128246D00C00FBB /* Release */ = {
			isa = XCBuildConfiguration;
			buildSettings = {
				ASSETCATALOG_COMPILER_APPICON_NAME = AppIcon;
				CODE_SIGN_STYLE = Automatic;
				DEVELOPMENT_TEAM = H22JVQMV3F;
				INFOPLIST_FILE = DesignNews/Info.plist;
				LD_RUNPATH_SEARCH_PATHS = "$(inherited) @executable_path/Frameworks";
				PRODUCT_BUNDLE_IDENTIFIER = "com.ttmtg.animalcry-ios-proj.DesignNews";
				PRODUCT_NAME = "$(TARGET_NAME)";
				SWIFT_VERSION = 4.0;
				TARGETED_DEVICE_FAMILY = "1,2";
			};
			name = Release;
		};
/* End XCBuildConfiguration section */

/* Begin XCConfigurationList section */
		A8CE94182128246D00C00FBB /* Build configuration list for PBXProject "DesignNews" */ = {
			isa = XCConfigurationList;
			buildConfigurations = (
				A8CE942D2128246D00C00FBB /* Debug */,
				A8CE942E2128246D00C00FBB /* Release */,
			);
			defaultConfigurationIsVisible = 0;
			defaultConfigurationName = Release;
		};
		A8CE942F2128246D00C00FBB /* Build configuration list for PBXNativeTarget "DesignNews" */ = {
			isa = XCConfigurationList;
			buildConfigurations = (
				A8CE94302128246D00C00FBB /* Debug */,
				A8CE94312128246D00C00FBB /* Release */,
			);
			defaultConfigurationIsVisible = 0;
			defaultConfigurationName = Release;
		};
/* End XCConfigurationList section */
	};
	rootObject = A8CE94152128246D00C00FBB /* Project object */;
}
